{
  "name": "@qinglong/local-application-image",
  "version": "3.0.0-alpha.1",
  "lockfileVersion": 3,
  "requires": true,
  "packages": {
    "": {
      "name": "@qinglong/local-application-image",
      "version": "3.0.0-alpha.1",
      "license": "Apache-2.0",
      "dependencies": {
        "croner": "7.0.8",
        "semver": "7.7.4"
      },
      "engines": {
        "node": ">=24.18.0 <25"
      }
    },
    "node_modules/croner": {
      "version": "7.0.8",
      "resolved": "https://registry.npmjs.org/croner/-/croner-7.0.8.tgz",
      "integrity": "sha512-4E27J9ZQV9prM9ggU18QGPYPMSblbA9JuGv4Ff3Gk6supX4RszNGQxBgiFBL6wb/L9HuSMpFbQpduMiDRo+z5Q==",
      "license": "MIT",
      "engines": {
        "node": ">=6.0"
      }
    },
    "node_modules/semver": {
      "version": "7.7.4",
      "resolved": "https://registry.npmjs.org/semver/-/semver-7.7.4.tgz",
      "integrity": "sha512-vFKC2IEtQnVhpT78h1Yp8wzwrf8CM+MzKMHGJZfBtzhZNycRFnXsHk6E5TxIkkMsgNS7mdX3AGB7x2QM2di4lA==",
      "license": "ISC",
      "bin": {
        "semver": "bin/semver.js"
      },
      "engines": {
        "node": ">=10"
      }
    }
  }
}
