{
  "name": "@qinglong/cluster-control-image-dependencies",
  "version": "3.0.0-alpha.2",
  "lockfileVersion": 3,
  "requires": true,
  "packages": {
    "": {
      "name": "@qinglong/cluster-control-image-dependencies",
      "version": "3.0.0-alpha.2",
      "license": "Apache-2.0",
      "dependencies": {
        "@aws-sdk/client-s3": "3.1093.0",
        "croner": "7.0.8",
        "drizzle-orm": "0.45.2",
        "pg": "8.22.0",
        "semver": "7.7.4"
      },
      "devDependencies": {
        "@types/node": "24.13.3",
        "@types/pg": "8.20.0",
        "typescript": "5.9.3"
      },
      "engines": {
        "node": ">=24.18.0 <25"
      }
    },
    "node_modules/@aws-sdk/checksums": {
      "version": "3.1000.19",
      "resolved": "https://registry.npmjs.org/@aws-sdk/checksums/-/checksums-3.1000.19.tgz",
      "integrity": "sha512-Hc4N100RdkuWshKBnhPzmpdftfi9mCLz+OHFELHM1QIgMH4QRUUWyWgfiebta/YX2Bd62wTcm3EqAP8TeXv0gA==",
      "license": "Apache-2.0",
      "dependencies": {
        "@aws-sdk/core": "^3.976.0",
        "@aws-sdk/types": "^3.974.2",
        "@smithy/core": "^3.29.4",
        "@smithy/types": "^4.16.1",
        "tslib": "^2.6.2"
      },
      "engines": {
        "node": ">=20.0.0"
      }
    },
    "node_modules/@aws-sdk/client-s3": {
      "version": "3.1093.0",
      "resolved": "https://registry.npmjs.org/@aws-sdk/client-s3/-/client-s3-3.1093.0.tgz",
      "integrity": "sha512-7452vEdp/nihIBWijnmcTBujXEFfbs4F02wyBDGqmNr6pwyo5GmQorx0zQIVg8QGFLXiBvsWKXBhCdiBcxNnGA==",
      "license": "Apache-2.0",
      "dependencies": {
        "@aws-sdk/checksums": "^3.1000.19",
        "@aws-sdk/core": "^3.976.0",
        "@aws-sdk/credential-provider-node": "^3.972.71",
        "@aws-sdk/middleware-sdk-s3": "^3.972.65",
        "@aws-sdk/signature-v4-multi-region": "^3.996.41",
        "@aws-sdk/types": "^3.974.2",
        "@smithy/core": "^3.29.4",
        "@smithy/fetch-http-handler": "^5.6.6",
        "@smithy/node-http-handler": "^4.9.6",
        "@smithy/types": "^4.16.1",
        "tslib": "^2.6.2"
      },
      "engines": {
        "node": ">=20.0.0"
      }
    },
    "node_modules/@aws-sdk/core": {
      "version": "3.976.0",
      "resolved": "https://registry.npmjs.org/@aws-sdk/core/-/core-3.976.0.tgz",
      "integrity": "sha512-0cjRaEdlVoOrsNb9pP5q1Syyc8pXw5xSj2Np2ryReRTr9FppIIRVSdZK4lbnfmc2Hvgux/xBOUU6baB7z8//uA==",
      "license": "Apache-2.0",
      "dependencies": {
        "@aws-sdk/types": "^3.974.2",
        "@aws-sdk/xml-builder": "^3.972.36",
        "@aws/lambda-invoke-store": "^0.3.0",
        "@smithy/core": "^3.29.4",
        "@smithy/signature-v4": "^5.6.5",
        "@smithy/types": "^4.16.1",
        "bowser": "^2.11.0",
        "tslib": "^2.6.2"
      },
      "engines": {
        "node": ">=20.0.0"
      }
    },
    "node_modules/@aws-sdk/credential-provider-env": {
      "version": "3.972.60",
      "resolved": "https://registry.npmjs.org/@aws-sdk/credential-provider-env/-/credential-provider-env-3.972.60.tgz",
      "integrity": "sha512-BAkxdoe7tpDDqCghGpuOeHQRbm/2znVvOQm0AvpQbA2tbfMN46doN4zx65fv85ImP3KADwc2zQPmbrlI9MPfMg==",
      "license": "Apache-2.0",
      "dependencies": {
        "@aws-sdk/core": "^3.976.0",
        "@aws-sdk/types": "^3.974.2",
        "@smithy/core": "^3.29.4",
        "@smithy/types": "^4.16.1",
        "tslib": "^2.6.2"
      },
      "engines": {
        "node": ">=20.0.0"
      }
    },
    "node_modules/@aws-sdk/credential-provider-http": {
      "version": "3.972.62",
      "resolved": "https://registry.npmjs.org/@aws-sdk/credential-provider-http/-/credential-provider-http-3.972.62.tgz",
      "integrity": "sha512-g/0fGqKTb9xpKdd9AtpmV5Eo3DFKbnkpA2+w0peISSlu7NfAoWOuYBFxsu+yWBtxU89ka55ezoZBCbFaS8pjYQ==",
      "license": "Apache-2.0",
      "dependencies": {
        "@aws-sdk/core": "^3.976.0",
        "@aws-sdk/types": "^3.974.2",
        "@smithy/core": "^3.29.4",
        "@smithy/fetch-http-handler": "^5.6.6",
        "@smithy/node-http-handler": "^4.9.6",
        "@smithy/types": "^4.16.1",
        "tslib": "^2.6.2"
      },
      "engines": {
        "node": ">=20.0.0"
      }
    },
    "node_modules/@aws-sdk/credential-provider-ini": {
      "version": "3.973.5",
      "resolved": "https://registry.npmjs.org/@aws-sdk/credential-provider-ini/-/credential-provider-ini-3.973.5.tgz",
      "integrity": "sha512-ylubazcRfq2TVus/qXucSXeC42Qdjp5HQxTu68K/BsdMiZlcSLD1zkpoCgApXZX1Y6YJhtGGs7ZHhO/GuIgBlw==",
      "license": "Apache-2.0",
      "dependencies": {
        "@aws-sdk/core": "^3.976.0",
        "@aws-sdk/credential-provider-env": "^3.972.60",
        "@aws-sdk/credential-provider-http": "^3.972.62",
        "@aws-sdk/credential-provider-login": "^3.972.67",
        "@aws-sdk/credential-provider-process": "^3.972.60",
        "@aws-sdk/credential-provider-sso": "^3.973.4",
        "@aws-sdk/credential-provider-web-identity": "^3.972.66",
        "@aws-sdk/nested-clients": "^3.997.34",
        "@aws-sdk/types": "^3.974.2",
        "@smithy/core": "^3.29.4",
        "@smithy/credential-provider-imds": "^4.4.9",
        "@smithy/types": "^4.16.1",
        "tslib": "^2.6.2"
      },
      "engines": {
        "node": ">=20.0.0"
      }
    },
    "node_modules/@aws-sdk/credential-provider-login": {
      "version": "3.972.67",
      "resolved": "https://registry.npmjs.org/@aws-sdk/credential-provider-login/-/credential-provider-login-3.972.67.tgz",
      "integrity": "sha512-CCygIKJ9YbI3n84OClSaSppkgKKHVj2TGT33c6FRORZrYNZQ1POmD+ip0FLYokiJAK7sSdc3YVkOsBm90oxWMQ==",
      "license": "Apache-2.0",
      "dependencies": {
        "@aws-sdk/core": "^3.976.0",
        "@aws-sdk/nested-clients": "^3.997.34",
        "@aws-sdk/types": "^3.974.2",
        "@smithy/core": "^3.29.4",
        "@smithy/types": "^4.16.1",
        "tslib": "^2.6.2"
      },
      "engines": {
        "node": ">=20.0.0"
      }
    },
    "node_modules/@aws-sdk/credential-provider-node": {
      "version": "3.972.71",
      "resolved": "https://registry.npmjs.org/@aws-sdk/credential-provider-node/-/credential-provider-node-3.972.71.tgz",
      "integrity": "sha512-HIg7Q2osBzajQwL+1Vkyh2E7Gim3eTNb9RHIsOxDGjW0eZg4oEKtRs5sioCnc73ilhaOm4gX2lHVF8J7+nt2rg==",
      "license": "Apache-2.0",
      "dependencies": {
        "@aws-sdk/credential-provider-env": "^3.972.60",
        "@aws-sdk/credential-provider-http": "^3.972.62",
        "@aws-sdk/credential-provider-ini": "^3.973.5",
        "@aws-sdk/credential-provider-process": "^3.972.60",
        "@aws-sdk/credential-provider-sso": "^3.973.4",
        "@aws-sdk/credential-provider-web-identity": "^3.972.66",
        "@aws-sdk/types": "^3.974.2",
        "@smithy/core": "^3.29.4",
        "@smithy/credential-provider-imds": "^4.4.9",
        "@smithy/types": "^4.16.1",
        "tslib": "^2.6.2"
      },
      "engines": {
        "node": ">=20.0.0"
      }
    },
    "node_modules/@aws-sdk/credential-provider-process": {
      "version": "3.972.60",
      "resolved": "https://registry.npmjs.org/@aws-sdk/credential-provider-process/-/credential-provider-process-3.972.60.tgz",
      "integrity": "sha512-YIo3f99hM43QdYG8hDzwGemnR/pU95b0kramqSJUTleCqaB7+HwKf7YZFHqvOgTqZTPx/mRmNIqoDRr3U0Z3Tw==",
      "license": "Apache-2.0",
      "dependencies": {
        "@aws-sdk/core": "^3.976.0",
        "@aws-sdk/types": "^3.974.2",
        "@smithy/core": "^3.29.4",
        "@smithy/types": "^4.16.1",
        "tslib": "^2.6.2"
      },
      "engines": {
        "node": ">=20.0.0"
      }
    },
    "node_modules/@aws-sdk/credential-provider-sso": {
      "version": "3.973.4",
      "resolved": "https://registry.npmjs.org/@aws-sdk/credential-provider-sso/-/credential-provider-sso-3.973.4.tgz",
      "integrity": "sha512-BPdmL8sSBOCv4ngZ+3LHxyc3CNqDCEK37CHioCk7zGrTMY5sUtkH8q+o6qA80nn6w3/fyBPGNE7OIRlmoOxRQA==",
      "license": "Apache-2.0",
      "dependencies": {
        "@aws-sdk/core": "^3.976.0",
        "@aws-sdk/nested-clients": "^3.997.34",
        "@aws-sdk/token-providers": "3.1092.0",
        "@aws-sdk/types": "^3.974.2",
        "@smithy/core": "^3.29.4",
        "@smithy/types": "^4.16.1",
        "tslib": "^2.6.2"
      },
      "engines": {
        "node": ">=20.0.0"
      }
    },
    "node_modules/@aws-sdk/credential-provider-web-identity": {
      "version": "3.972.66",
      "resolved": "https://registry.npmjs.org/@aws-sdk/credential-provider-web-identity/-/credential-provider-web-identity-3.972.66.tgz",
      "integrity": "sha512-kSAziJboOmZmsR9/MTbiNjowl2BPes1bQuJpne4qAZ62ubi8fjfr/aupJSQje6udBoYxXTQbsL0e0kby2la3ng==",
      "license": "Apache-2.0",
      "dependencies": {
        "@aws-sdk/core": "^3.976.0",
        "@aws-sdk/nested-clients": "^3.997.34",
        "@aws-sdk/types": "^3.974.2",
        "@smithy/core": "^3.29.4",
        "@smithy/types": "^4.16.1",
        "tslib": "^2.6.2"
      },
      "engines": {
        "node": ">=20.0.0"
      }
    },
    "node_modules/@aws-sdk/middleware-sdk-s3": {
      "version": "3.972.65",
      "resolved": "https://registry.npmjs.org/@aws-sdk/middleware-sdk-s3/-/middleware-sdk-s3-3.972.65.tgz",
      "integrity": "sha512-udwNhRfDTfCB98mAHjjgsnKQlxygB4e0X+Obne/XjJpvVsF0YCQC8ZErd/8Z6IPoLQjtiKHzwqEDbZiLrJEnOg==",
      "license": "Apache-2.0",
      "dependencies": {
        "@aws-sdk/core": "^3.976.0",
        "@aws-sdk/signature-v4-multi-region": "^3.996.41",
        "@aws-sdk/types": "^3.974.2",
        "@smithy/core": "^3.29.4",
        "@smithy/types": "^4.16.1",
        "tslib": "^2.6.2"
      },
      "engines": {
        "node": ">=20.0.0"
      }
    },
    "node_modules/@aws-sdk/nested-clients": {
      "version": "3.997.34",
      "resolved": "https://registry.npmjs.org/@aws-sdk/nested-clients/-/nested-clients-3.997.34.tgz",
      "integrity": "sha512-Y9REVrSwmLM+Qy6sZJ7ofMC2S3Hr3tPP/4CzL5U1olPP7OGoF+6+Px0E49cVQBtSxJtyeLJMf0UaBErfeSahAA==",
      "license": "Apache-2.0",
      "dependencies": {
        "@aws-sdk/core": "^3.976.0",
        "@aws-sdk/signature-v4-multi-region": "^3.996.41",
        "@aws-sdk/types": "^3.974.2",
        "@smithy/core": "^3.29.4",
        "@smithy/fetch-http-handler": "^5.6.6",
        "@smithy/node-http-handler": "^4.9.6",
        "@smithy/types": "^4.16.1",
        "tslib": "^2.6.2"
      },
      "engines": {
        "node": ">=20.0.0"
      }
    },
    "node_modules/@aws-sdk/signature-v4-multi-region": {
      "version": "3.996.41",
      "resolved": "https://registry.npmjs.org/@aws-sdk/signature-v4-multi-region/-/signature-v4-multi-region-3.996.41.tgz",
      "integrity": "sha512-QMUytg+FQMGouc8gHS00KoYih3+N6cqmVI/pQGOIo7Nr7OpQaiXjSYOuL+vsPZ1tymY4LAQ8MYcHJmws5LRxng==",
      "license": "Apache-2.0",
      "dependencies": {
        "@aws-sdk/types": "^3.974.2",
        "@smithy/signature-v4": "^5.6.5",
        "@smithy/types": "^4.16.1",
        "tslib": "^2.6.2"
      },
      "engines": {
        "node": ">=20.0.0"
      }
    },
    "node_modules/@aws-sdk/token-providers": {
      "version": "3.1092.0",
      "resolved": "https://registry.npmjs.org/@aws-sdk/token-providers/-/token-providers-3.1092.0.tgz",
      "integrity": "sha512-hBYUAr6iBLNFcsiWTgtBb0stdSw39VOUq4Sp4A5caCNf66BAZplWN4FleKrVpJx5li2YgdnK2DqoFSMWC642FQ==",
      "license": "Apache-2.0",
      "dependencies": {
        "@aws-sdk/core": "^3.976.0",
        "@aws-sdk/nested-clients": "^3.997.34",
        "@aws-sdk/types": "^3.974.2",
        "@smithy/core": "^3.29.4",
        "@smithy/types": "^4.16.1",
        "tslib": "^2.6.2"
      },
      "engines": {
        "node": ">=20.0.0"
      }
    },
    "node_modules/@aws-sdk/types": {
      "version": "3.974.2",
      "resolved": "https://registry.npmjs.org/@aws-sdk/types/-/types-3.974.2.tgz",
      "integrity": "sha512-3W6IUtSxFbH6X7Wb7DzGCV5QiFQsd0g8bOfntpmDxQlzBoKWUMBu/JPQR0DwkE+Hpnxd6db1tXbOwdeHddG6cA==",
      "license": "Apache-2.0",
      "dependencies": {
        "@smithy/types": "^4.16.1",
        "tslib": "^2.6.2"
      },
      "engines": {
        "node": ">=20.0.0"
      }
    },
    "node_modules/@aws-sdk/xml-builder": {
      "version": "3.972.36",
      "resolved": "https://registry.npmjs.org/@aws-sdk/xml-builder/-/xml-builder-3.972.36.tgz",
      "integrity": "sha512-RdGmS1GLrtaTOLE1ElSluMldNrpk9Emq6uYs8SS8iHlu5xTAmM9rRkM91o48+rIRryBtyO9t+uLYCoMG6jVMVA==",
      "license": "Apache-2.0",
      "dependencies": {
        "@smithy/types": "^4.16.1",
        "tslib": "^2.6.2"
      },
      "engines": {
        "node": ">=20.0.0"
      }
    },
    "node_modules/@aws/lambda-invoke-store": {
      "version": "0.3.0",
      "resolved": "https://registry.npmjs.org/@aws/lambda-invoke-store/-/lambda-invoke-store-0.3.0.tgz",
      "integrity": "sha512-sl4Bm6yiMNYrZKkqqDFWN0UfnWhlS8ivKxrYl+6t0gCLrqr8y3B2IqZZbFRkfaVVp7C/baApyh71P+LeE1A2sQ==",
      "license": "Apache-2.0",
      "engines": {
        "node": ">=18.0.0"
      }
    },
    "node_modules/@smithy/core": {
      "version": "3.29.8",
      "resolved": "https://registry.npmjs.org/@smithy/core/-/core-3.29.8.tgz",
      "integrity": "sha512-rpCbCV+TimOBi3VLNBMmtTvgfOWcFIEAru3+TFlG87SL2F+te4jOnnNR+cf3uR4eJ5Qf4LnT80fqnBKgPRS6zA==",
      "license": "Apache-2.0",
      "dependencies": {
        "@smithy/types": "^4.16.1",
        "tslib": "^2.6.2"
      },
      "engines": {
        "node": ">=18.0.0"
      }
    },
    "node_modules/@smithy/credential-provider-imds": {
      "version": "4.4.13",
      "resolved": "https://registry.npmjs.org/@smithy/credential-provider-imds/-/credential-provider-imds-4.4.13.tgz",
      "integrity": "sha512-X+2HNZhWi5i3rJsCas0LPf6fTQUaKyJ40zd8aTO/bwpRfpU3biYaqLr7C1WMibL7PVKJalpi1PyybjGPNoHC8Q==",
      "license": "Apache-2.0",
      "dependencies": {
        "@smithy/core": "^3.29.8",
        "@smithy/types": "^4.16.1",
        "tslib": "^2.6.2"
      },
      "engines": {
        "node": ">=18.0.0"
      }
    },
    "node_modules/@smithy/fetch-http-handler": {
      "version": "5.6.10",
      "resolved": "https://registry.npmjs.org/@smithy/fetch-http-handler/-/fetch-http-handler-5.6.10.tgz",
      "integrity": "sha512-5/Yj9mS2JjTsB3B8ZX7euh77mrY9aXW23ag1yAmFykSRmA6vldqBrgqmSeQ50EjY+5SB8+aE4w14B6LKbBVEhQ==",
      "license": "Apache-2.0",
      "dependencies": {
        "@smithy/core": "^3.29.8",
        "@smithy/types": "^4.16.1",
        "tslib": "^2.6.2"
      },
      "engines": {
        "node": ">=18.0.0"
      }
    },
    "node_modules/@smithy/node-http-handler": {
      "version": "4.9.10",
      "resolved": "https://registry.npmjs.org/@smithy/node-http-handler/-/node-http-handler-4.9.10.tgz",
      "integrity": "sha512-ETQz9v/Z+nTQc6fRWTXxUpxJqwpmzB3Tn3WKAdHwWkeT+m+HE5czs6GNG8vW+4vyxXSls65RVcvOZwk7Q/PS/Q==",
      "license": "Apache-2.0",
      "dependencies": {
        "@smithy/core": "^3.29.8",
        "@smithy/types": "^4.16.1",
        "tslib": "^2.6.2"
      },
      "engines": {
        "node": ">=18.0.0"
      }
    },
    "node_modules/@smithy/signature-v4": {
      "version": "5.6.9",
      "resolved": "https://registry.npmjs.org/@smithy/signature-v4/-/signature-v4-5.6.9.tgz",
      "integrity": "sha512-g5rnEii/mkT0mjVJmlsaOfyNBtHNTecD9Lo4NP8D5HzMUEnZNpz7/FbvBCjNcV4vteHFAxOGiLUYNxPkDZZAPw==",
      "license": "Apache-2.0",
      "dependencies": {
        "@smithy/core": "^3.29.8",
        "@smithy/types": "^4.16.1",
        "tslib": "^2.6.2"
      },
      "engines": {
        "node": ">=18.0.0"
      }
    },
    "node_modules/@smithy/types": {
      "version": "4.16.1",
      "resolved": "https://registry.npmjs.org/@smithy/types/-/types-4.16.1.tgz",
      "integrity": "sha512-0JFs3V2y2M9tKW5na/qxe69Zv+uxLMO7QBbhxF/FHu/Gp2NFZAAL9tWl9PU02xxo07pb3G9FTyjNc6D5uZrJIg==",
      "license": "Apache-2.0",
      "dependencies": {
        "tslib": "^2.6.2"
      },
      "engines": {
        "node": ">=18.0.0"
      }
    },
    "node_modules/@types/node": {
      "version": "24.13.3",
      "resolved": "https://registry.npmjs.org/@types/node/-/node-24.13.3.tgz",
      "integrity": "sha512-Dh8vAsV36ig5wa9OX4pXvMc9D3Veibfw2wix0CUwYODLD8nkj9UsLjASr49nPg+2eKzxhBV+v7L8pXvT4e639Q==",
      "devOptional": true,
      "license": "MIT",
      "dependencies": {
        "undici-types": "~7.18.0"
      }
    },
    "node_modules/@types/pg": {
      "version": "8.20.0",
      "resolved": "https://registry.npmjs.org/@types/pg/-/pg-8.20.0.tgz",
      "integrity": "sha512-bEPFOaMAHTEP1EzpvHTbmwR8UsFyHSKsRisLIHVMXnpNefSbGA1bD6CVy+qKjGSqmZqNqBDV2azOBo8TgkcVow==",
      "devOptional": true,
      "license": "MIT",
      "dependencies": {
        "@types/node": "*",
        "pg-protocol": "*",
        "pg-types": "^2.2.0"
      }
    },
    "node_modules/bowser": {
      "version": "2.14.1",
      "resolved": "https://registry.npmjs.org/bowser/-/bowser-2.14.1.tgz",
      "integrity": "sha512-tzPjzCxygAKWFOJP011oxFHs57HzIhOEracIgAePE4pqB3LikALKnSzUyU4MGs9/iCEUuHlAJTjTc5M+u7YEGg==",
      "license": "MIT"
    },
    "node_modules/croner": {
      "version": "7.0.8",
      "resolved": "https://registry.npmjs.org/croner/-/croner-7.0.8.tgz",
      "integrity": "sha512-4E27J9ZQV9prM9ggU18QGPYPMSblbA9JuGv4Ff3Gk6supX4RszNGQxBgiFBL6wb/L9HuSMpFbQpduMiDRo+z5Q==",
      "license": "MIT",
      "engines": {
        "node": ">=6.0"
      }
    },
    "node_modules/drizzle-orm": {
      "version": "0.45.2",
      "resolved": "https://registry.npmjs.org/drizzle-orm/-/drizzle-orm-0.45.2.tgz",
      "integrity": "sha512-kY0BSaTNYWnoDMVoyY8uxmyHjpJW1geOmBMdSSicKo9CIIWkSxMIj2rkeSR51b8KAPB7m+qysjuHme5nKP+E5Q==",
      "license": "Apache-2.0",
      "peerDependencies": {
        "@aws-sdk/client-rds-data": ">=3",
        "@cloudflare/workers-types": ">=4",
        "@electric-sql/pglite": ">=0.2.0",
        "@libsql/client": ">=0.10.0",
        "@libsql/client-wasm": ">=0.10.0",
        "@neondatabase/serverless": ">=0.10.0",
        "@op-engineering/op-sqlite": ">=2",
        "@opentelemetry/api": "^1.4.1",
        "@planetscale/database": ">=1.13",
        "@prisma/client": "*",
        "@tidbcloud/serverless": "*",
        "@types/better-sqlite3": "*",
        "@types/pg": "*",
        "@types/sql.js": "*",
        "@upstash/redis": ">=1.34.7",
        "@vercel/postgres": ">=0.8.0",
        "@xata.io/client": "*",
        "better-sqlite3": ">=7",
        "bun-types": "*",
        "expo-sqlite": ">=14.0.0",
        "gel": ">=2",
        "knex": "*",
        "kysely": "*",
        "mysql2": ">=2",
        "pg": ">=8",
        "postgres": ">=3",
        "sql.js": ">=1",
        "sqlite3": ">=5"
      },
      "peerDependenciesMeta": {
        "@aws-sdk/client-rds-data": {
          "optional": true
        },
        "@cloudflare/workers-types": {
          "optional": true
        },
        "@electric-sql/pglite": {
          "optional": true
        },
        "@libsql/client": {
          "optional": true
        },
        "@libsql/client-wasm": {
          "optional": true
        },
        "@neondatabase/serverless": {
          "optional": true
        },
        "@op-engineering/op-sqlite": {
          "optional": true
        },
        "@opentelemetry/api": {
          "optional": true
        },
        "@planetscale/database": {
          "optional": true
        },
        "@prisma/client": {
          "optional": true
        },
        "@tidbcloud/serverless": {
          "optional": true
        },
        "@types/better-sqlite3": {
          "optional": true
        },
        "@types/pg": {
          "optional": true
        },
        "@types/sql.js": {
          "optional": true
        },
        "@upstash/redis": {
          "optional": true
        },
        "@vercel/postgres": {
          "optional": true
        },
        "@xata.io/client": {
          "optional": true
        },
        "better-sqlite3": {
          "optional": true
        },
        "bun-types": {
          "optional": true
        },
        "expo-sqlite": {
          "optional": true
        },
        "gel": {
          "optional": true
        },
        "knex": {
          "optional": true
        },
        "kysely": {
          "optional": true
        },
        "mysql2": {
          "optional": true
        },
        "pg": {
          "optional": true
        },
        "postgres": {
          "optional": true
        },
        "prisma": {
          "optional": true
        },
        "sql.js": {
          "optional": true
        },
        "sqlite3": {
          "optional": true
        }
      }
    },
    "node_modules/pg": {
      "version": "8.22.0",
      "resolved": "https://registry.npmjs.org/pg/-/pg-8.22.0.tgz",
      "integrity": "sha512-8wih1vVIBMxoUM2oB4soJsD9tDnDpLv4OXBJ+EJzFsvycD+lfyIreC2gGHq78f8jbLLt+bvlPTFdFZfJkOuzAA==",
      "license": "MIT",
      "dependencies": {
        "pg-connection-string": "^2.14.0",
        "pg-pool": "^3.14.0",
        "pg-protocol": "^1.15.0",
        "pg-types": "2.2.0",
        "pgpass": "1.0.5"
      },
      "engines": {
        "node": ">= 16.0.0"
      },
      "optionalDependencies": {
        "pg-cloudflare": "^1.4.0"
      },
      "peerDependencies": {
        "pg-native": ">=3.0.1"
      },
      "peerDependenciesMeta": {
        "pg-native": {
          "optional": true
        }
      }
    },
    "node_modules/pg-cloudflare": {
      "version": "1.4.0",
      "resolved": "https://registry.npmjs.org/pg-cloudflare/-/pg-cloudflare-1.4.0.tgz",
      "integrity": "sha512-Vo7z/6rrQYxpNRylp4Tlob2elzbh+N/MOQbxFVWCxS7oEx6jF53GTJFxK2WWpKuBRkmiin4Mt+xofFDjx09R0A==",
      "license": "MIT",
      "optional": true
    },
    "node_modules/pg-connection-string": {
      "version": "2.14.0",
      "resolved": "https://registry.npmjs.org/pg-connection-string/-/pg-connection-string-2.14.0.tgz",
      "integrity": "sha512-XwWDGcLRGCXAR8F/AM5bG7Q+A3Wm2s6QeEjlOKZLlH3UYcguiqCWKyWXVag5TLTIjR7oOJUY8kcADaZgWPyLeg==",
      "license": "MIT"
    },
    "node_modules/pg-int8": {
      "version": "1.0.1",
      "resolved": "https://registry.npmjs.org/pg-int8/-/pg-int8-1.0.1.tgz",
      "integrity": "sha512-WCtabS6t3c8SkpDBUlb1kjOs7l66xsGdKpIPZsg4wR+B3+u9UAum2odSsF9tnvxg80h4ZxLWMy4pRjOsFIqQpw==",
      "license": "ISC",
      "engines": {
        "node": ">=4.0.0"
      }
    },
    "node_modules/pg-pool": {
      "version": "3.14.0",
      "resolved": "https://registry.npmjs.org/pg-pool/-/pg-pool-3.14.0.tgz",
      "integrity": "sha512-gKtPkFdQPU3DksooVLi9LsjZxrsBUZIpa+7aVx+LV5pNh0KzP4Zleud2po+ConrxbuXGBJ6Hfer6hdgpIBpBaw==",
      "license": "MIT",
      "peerDependencies": {
        "pg": ">=8.0"
      }
    },
    "node_modules/pg-protocol": {
      "version": "1.15.0",
      "resolved": "https://registry.npmjs.org/pg-protocol/-/pg-protocol-1.15.0.tgz",
      "integrity": "sha512-cq9sECI5s0+uPUXjbz8ioyPJni6RzsRib0US67i5IoTZKw8fNeYlVE7u8F4dG7vEJJtc5wdD1K189lCCUwqWTQ==",
      "license": "MIT"
    },
    "node_modules/pg-types": {
      "version": "2.2.0",
      "resolved": "https://registry.npmjs.org/pg-types/-/pg-types-2.2.0.tgz",
      "integrity": "sha512-qTAAlrEsl8s4OiEQY69wDvcMIdQN6wdz5ojQiOy6YRMuynxenON0O5oCpJI6lshc6scgAY8qvJ2On/p+CXY0GA==",
      "license": "MIT",
      "dependencies": {
        "pg-int8": "1.0.1",
        "postgres-array": "~2.0.0",
        "postgres-bytea": "~1.0.0",
        "postgres-date": "~1.0.4",
        "postgres-interval": "^1.1.0"
      },
      "engines": {
        "node": ">=4"
      }
    },
    "node_modules/pgpass": {
      "version": "1.0.5",
      "resolved": "https://registry.npmjs.org/pgpass/-/pgpass-1.0.5.tgz",
      "integrity": "sha512-FdW9r/jQZhSeohs1Z3sI1yxFQNFvMcnmfuj4WBMUTxOrAyLMaTcE1aAMBiTlbMNaXvBCQuVi0R7hd8udDSP7ug==",
      "license": "MIT",
      "dependencies": {
        "split2": "^4.1.0"
      }
    },
    "node_modules/postgres-array": {
      "version": "2.0.0",
      "resolved": "https://registry.npmjs.org/postgres-array/-/postgres-array-2.0.0.tgz",
      "integrity": "sha512-VpZrUqU5A69eQyW2c5CA1jtLecCsN2U/bD6VilrFDWq5+5UIEVO7nazS3TEcHf1zuPYO/sqGvUvW62g86RXZuA==",
      "license": "MIT",
      "engines": {
        "node": ">=4"
      }
    },
    "node_modules/postgres-bytea": {
      "version": "1.0.1",
      "resolved": "https://registry.npmjs.org/postgres-bytea/-/postgres-bytea-1.0.1.tgz",
      "integrity": "sha512-5+5HqXnsZPE65IJZSMkZtURARZelel2oXUEO8rH83VS/hxH5vv1uHquPg5wZs8yMAfdv971IU+kcPUczi7NVBQ==",
      "license": "MIT",
      "engines": {
        "node": ">=0.10.0"
      }
    },
    "node_modules/postgres-date": {
      "version": "1.0.7",
      "resolved": "https://registry.npmjs.org/postgres-date/-/postgres-date-1.0.7.tgz",
      "integrity": "sha512-suDmjLVQg78nMK2UZ454hAG+OAW+HQPZ6n++TNDUX+L0+uUlLywnoxJKDou51Zm+zTCjrCl0Nq6J9C5hP9vK/Q==",
      "license": "MIT",
      "engines": {
        "node": ">=0.10.0"
      }
    },
    "node_modules/postgres-interval": {
      "version": "1.2.0",
      "resolved": "https://registry.npmjs.org/postgres-interval/-/postgres-interval-1.2.0.tgz",
      "integrity": "sha512-9ZhXKM/rw350N1ovuWHbGxnGh/SNJ4cnxHiM0rxE4VN41wsg8P8zWn9hv/buK00RP4WvlOyr/RBDiptyxVbkZQ==",
      "license": "MIT",
      "dependencies": {
        "xtend": "^4.0.0"
      },
      "engines": {
        "node": ">=0.10.0"
      }
    },
    "node_modules/semver": {
      "version": "7.7.4",
      "resolved": "https://registry.npmjs.org/semver/-/semver-7.7.4.tgz",
      "integrity": "sha512-vFKC2IEtQnVhpT78h1Yp8wzwrf8CM+MzKMHGJZfBtzhZNycRFnXsHk6E5TxIkkMsgNS7mdX3AGB7x2QM2di4lA==",
      "license": "ISC",
      "bin": {
        "semver": "bin/semver.js"
      },
      "engines": {
        "node": ">=10"
      }
    },
    "node_modules/split2": {
      "version": "4.2.0",
      "resolved": "https://registry.npmjs.org/split2/-/split2-4.2.0.tgz",
      "integrity": "sha512-UcjcJOWknrNkF6PLX83qcHM6KHgVKNkV62Y8a5uYDVv9ydGQVwAHMKqHdJje1VTWpljG0WYpCDhrCdAOYH4TWg==",
      "license": "ISC",
      "engines": {
        "node": ">= 10.x"
      }
    },
    "node_modules/tslib": {
      "version": "2.8.1",
      "resolved": "https://registry.npmjs.org/tslib/-/tslib-2.8.1.tgz",
      "integrity": "sha512-oJFu94HQb+KVduSUQL7wnpmqnfmLsOA/nAh6b6EH0wCEoK0/mPeXU6c3wKDV83MkOuHPRHtSXKKU99IBazS/2w==",
      "license": "0BSD"
    },
    "node_modules/typescript": {
      "version": "5.9.3",
      "resolved": "https://registry.npmjs.org/typescript/-/typescript-5.9.3.tgz",
      "integrity": "sha512-jl1vZzPDinLr9eUt3J/t7V6FgNEw9QjvBPdysz9KfQDD41fQrC2Y4vKQdiaUpFT4bXlb1RHhLpp8wtm6M5TgSw==",
      "dev": true,
      "license": "Apache-2.0",
      "bin": {
        "tsc": "bin/tsc",
        "tsserver": "bin/tsserver"
      },
      "engines": {
        "node": ">=14.17"
      }
    },
    "node_modules/undici-types": {
      "version": "7.18.2",
      "resolved": "https://registry.npmjs.org/undici-types/-/undici-types-7.18.2.tgz",
      "integrity": "sha512-AsuCzffGHJybSaRrmr5eHr81mwJU3kjw6M+uprWvCXiNeN9SOGwQ3Jn8jb8m3Z6izVgknn1R0FTCEAP2QrLY/w==",
      "devOptional": true,
      "license": "MIT"
    },
    "node_modules/xtend": {
      "version": "4.0.2",
      "resolved": "https://registry.npmjs.org/xtend/-/xtend-4.0.2.tgz",
      "integrity": "sha512-LKYU1iAXJXUgAXn9URjiu+MWhyUXHsvfp7mcuYm9dSUKK0/CjtrUwFAxD82/mCWbtLsGjFIad0wIsod4zrTAEQ==",
      "license": "MIT",
      "engines": {
        "node": ">=0.4"
      }
    }
  }
}
